<?xml version="1.0" encoding="utf-8"?>
<Project ToolsVersion="4.0" xmlns="http://schemas.microsoft.com/developer/msbuild/2003">
  <ItemGroup>
    <Manifest Include="app.manifest" />
  </ItemGroup>
  <ItemGroup>
    <None Include="packages.config" />
    <None Include="..\Source\TCoreMl.mm">
      <Filter>Source</Filter>
    </None>
  </ItemGroup>
  <ItemGroup>
    <Filter Include="Source">
      <UniqueIdentifier>{bad5d689-1a04-4cd9-bb55-fc177fd6f795}</UniqueIdentifier>
    </Filter>
    <Filter Include="SoyLib">
      <UniqueIdentifier>{1354ffc0-9cb7-4fd4-ba3b-74de706d8f3d}</UniqueIdentifier>
    </Filter>
  </ItemGroup>
  <ItemGroup>
    <ClCompile Include="..\Source\CameraHelper_cppwinrt.cpp">
      <Filter>Source</Filter>
    </ClCompile>
    <ClCompile Include="..\Source\main.cpp">
      <Filter>Source</Filter>
    </ClCompile>
    <ClCompile Include="..\Source\TWinSkillSkeleton.cpp">
      <Filter>Source</Filter>
    </ClCompile>
    <ClCompile Include="..\Source\SoyLib\src\SoyTypes.cpp">
      <Filter>SoyLib</Filter>
    </ClCompile>
    <ClCompile Include="..\Source\SoyLib\src\SoyArray.cpp">
      <Filter>SoyLib</Filter>
    </ClCompile>
    <ClCompile Include="..\Source\SoyLib\src\SoyDebug.cpp">
      <Filter>SoyLib</Filter>
    </ClCompile>
    <ClCompile Include="..\Source\SoyLib\src\SoyPixels.cpp">
      <Filter>SoyLib</Filter>
    </ClCompile>
    <ClCompile Include="..\Source\SoyLib\src\memheap.cpp">
      <Filter>SoyLib</Filter>
    </ClCompile>
    <ClCompile Include="..\Source\SoyLib\src\SoyTime.cpp">
      <Filter>SoyLib</Filter>
    </ClCompile>
    <ClCompile Include="..\Source\TCoreMl.cpp">
      <Filter>Source</Filter>
    </ClCompile>
    <ClCompile Include="..\Source\SoyLib\src\SoyAssert.cpp">
      <Filter>SoyLib</Filter>
    </ClCompile>
    <ClCompile Include="..\Source\SoyLib\src\SoyString.cpp">
      <Filter>SoyLib</Filter>
    </ClCompile>
    <ClCompile Include="..\Source\PopCoreMl.cpp">
      <Filter>Source</Filter>
    </ClCompile>
  </ItemGroup>
  <ItemGroup>
    <ClInclude Include="..\Source\CameraHelper_cppwinrt.h">
      <Filter>Source</Filter>
    </ClInclude>
    <ClInclude Include="..\Source\WindowsVersionHelper.h">
      <Filter>Source</Filter>
    </ClInclude>
    <ClInclude Include="..\Source\TWinSkillSkeleton.h">
      <Filter>Source</Filter>
    </ClInclude>
    <ClInclude Include="..\Source\PopCoreml.h">
      <Filter>Source</Filter>
    </ClInclude>
    <ClInclude Include="..\Source\TCoreMl.h">
      <Filter>Source</Filter>
    </ClInclude>
    <ClInclude Include="..\Source\SoyLib\src\HeapArray.hpp">
      <Filter>SoyLib</Filter>
    </ClInclude>
    <ClInclude Include="..\Source\SoyLib\src\MemHeap.hpp">
      <Filter>SoyLib</Filter>
    </ClInclude>
  </ItemGroup>
</Project>