<?xml version="1.0" encoding="utf-8"?>
<Project ToolsVersion="4.0" xmlns="http://schemas.microsoft.com/developer/msbuild/2003">
  <ItemGroup>
    <None Include="packages.config" />
    <None Include="..\Source\TCoreMl.mm">
      <Filter>Source</Filter>
    </None>
  </ItemGroup>
  <ItemGroup>
    <Filter Include="Source">
      <UniqueIdentifier>{bad5d689-1a04-4cd9-bb55-fc177fd6f795}</UniqueIdentifier>
    </Filter>
    <Filter Include="SoyLib">
      <UniqueIdentifier>{1354ffc0-9cb7-4fd4-ba3b-74de706d8f3d}</UniqueIdentifier>
    </Filter>
    <Filter Include="KinectAzure">
      <UniqueIdentifier>{ca6037c0-b17c-497e-a45d-772bc0737761}</UniqueIdentifier>
    </Filter>
  </ItemGroup>
  <ItemGroup>
    <ClCompile Include="..\Source\CameraHelper_cppwinrt.cpp">
      <Filter>Source</Filter>
    </ClCompile>
    <ClCompile Include="..\Source\main.cpp">
      <Filter>Source</Filter>
    </ClCompile>
    <ClCompile Include="..\Source\TWinSkillSkeleton.cpp">
      <Filter>Source</Filter>
    </ClCompile>
    <ClCompile Include="..\Source\SoyLib\src\SoyTypes.cpp">
      <Filter>SoyLib</Filter>
    </ClCompile>
    <ClCompile Include="..\Source\SoyLib\src\SoyArray.cpp">
      <Filter>SoyLib</Filter>
    </ClCompile>
    <ClCompile Include="..\Source\SoyLib\src\SoyDebug.cpp">
      <Filter>SoyLib</Filter>
    </ClCompile>
    <ClCompile Include="..\Source\SoyLib\src\SoyPixels.cpp">
      <Filter>SoyLib</Filter>
    </ClCompile>
    <ClCompile Include="..\Source\SoyLib\src\memheap.cpp">
      <Filter>SoyLib</Filter>
    </ClCompile>
    <ClCompile Include="..\Source\SoyLib\src\SoyTime.cpp">
      <Filter>SoyLib</Filter>
    </ClCompile>
    <ClCompile Include="..\Source\TCoreMl.cpp">
      <Filter>Source</Filter>
    </ClCompile>
    <ClCompile Include="..\Source\SoyLib\src\SoyAssert.cpp">
      <Filter>SoyLib</Filter>
    </ClCompile>
    <ClCompile Include="..\Source\SoyLib\src\SoyString.cpp">
      <Filter>SoyLib</Filter>
    </ClCompile>
    <ClCompile Include="..\Source\PopCoreMl.cpp">
      <Filter>Source</Filter>
    </ClCompile>
    <ClCompile Include="..\Source\KinectAzure.cpp">
      <Filter>Source</Filter>
    </ClCompile>
    <ClCompile Include="..\Source\SoyLib\src\SoyRuntimeLibrary.cpp">
      <Filter>SoyLib</Filter>
    </ClCompile>
    <ClCompile Include="..\Source\SoyLib\src\SoyFilesystem.cpp">
      <Filter>SoyLib</Filter>
    </ClCompile>
    <ClCompile Include="..\Source\SoyLib\src\SoyThread.cpp">
      <Filter>SoyLib</Filter>
    </ClCompile>
    <ClCompile Include="..\Source\KinectAzure_FloorDetector.cpp">
      <Filter>Source</Filter>
    </ClCompile>
  </ItemGroup>
  <ItemGroup>
    <ClInclude Include="..\Source\CameraHelper_cppwinrt.h">
      <Filter>Source</Filter>
    </ClInclude>
    <ClInclude Include="..\Source\WindowsVersionHelper.h">
      <Filter>Source</Filter>
    </ClInclude>
    <ClInclude Include="..\Source\TWinSkillSkeleton.h">
      <Filter>Source</Filter>
    </ClInclude>
    <ClInclude Include="..\Source\SoyLib\src\HeapArray.hpp">
      <Filter>SoyLib</Filter>
    </ClInclude>
    <ClInclude Include="..\Source\SoyLib\src\MemHeap.hpp">
      <Filter>SoyLib</Filter>
    </ClInclude>
    <ClInclude Include="..\Source\SoyLib\src\SoyTypes.h">
      <Filter>SoyLib</Filter>
    </ClInclude>
    <ClInclude Include="..\Source\KinectAzure.h">
      <Filter>Source</Filter>
    </ClInclude>
    <ClInclude Include="..\Source\SoyLib\src\SoyDebug.h">
      <Filter>SoyLib</Filter>
    </ClInclude>
    <ClInclude Include="..\Source\SoyLib\src\SoyRuntimeLibrary.h">
      <Filter>SoyLib</Filter>
    </ClInclude>
    <ClInclude Include="..\Source\SoyLib\src\SoyFilesystem.h">
      <Filter>SoyLib</Filter>
    </ClInclude>
    <ClInclude Include="..\Source\SoyLib\src\SoyThread.h">
      <Filter>SoyLib</Filter>
    </ClInclude>
  </ItemGroup>
  <ItemGroup>
    <CustomBuild Include="PopCoreml.manifest" />
  </ItemGroup>
  <ItemGroup>
    <CopyFileToFolders Include="..\Source\KinectAzure\cublas64_100.dll" />
    <CopyFileToFolders Include="..\Source\KinectAzure\cudart64_100.dll" />
    <CopyFileToFolders Include="..\Source\KinectAzure\cudnn64_7.dll" />
    <CopyFileToFolders Include="..\Source\KinectAzure\dnn_model_2_0.onnx" />
    <CopyFileToFolders Include="..\Source\KinectAzure\k4a.dll" />
    <CopyFileToFolders Include="..\Source\KinectAzure\k4abt.dll" />
    <CopyFileToFolders Include="..\Source\KinectAzure\onnxruntime.dll" />
    <CopyFileToFolders Include="..\Source\KinectAzure\depthengine_2_0.dll" />
    <CopyFileToFolders Include="..\Source\PopCoreml.h" />
    <CopyFileToFolders Include="..\Source\TCoreMl.h" />
  </ItemGroup>
</Project>